// !$*UTF8*$!
{
	archiveVersion = 1;
	classes = {
	};
	objectVersion = 55;
	objects = {

/* Begin PBXBuildFile section */
		2CDC101AAA862BC385470EDC /* Pods_pokemonsMVVMTests.framework in Frameworks */ = {isa = PBXBuildFile; fileRef = 37C609A08BE7929D2F584B29 /* Pods_pokemonsMVVMTests.framework */; };
		CFBD45ED656FB699B4B14D98 /* Pods_pokemonsMVVM_pokemonsMVVMUITests.framework in Frameworks */ = {isa = PBXBuildFile; fileRef = 90CF55E045E691E152023969 /* Pods_pokemonsMVVM_pokemonsMVVMUITests.framework */; };
		DB0CD2192865F14000C7AA4B /* User.swift in Sources */ = {isa = PBXBuildFile; fileRef = DB0CD2182865F14000C7AA4B /* User.swift */; };
		DB0CD21B2865FF1C00C7AA4B /* LoginViewModel.swift in Sources */ = {isa = PBXBuildFile; fileRef = DB0CD21A2865FF1C00C7AA4B /* LoginViewModel.swift */; };
		DB24B30228631D4300351D0C /* AppDelegate.swift in Sources */ = {isa = PBXBuildFile; fileRef = DB24B30128631D4300351D0C /* AppDelegate.swift */; };
		DB24B30428631D4300351D0C /* SceneDelegate.swift in Sources */ = {isa = PBXBuildFile; fileRef = DB24B30328631D4300351D0C /* SceneDelegate.swift */; };
		DB24B30628631D4300351D0C /* PokemonsViewController.swift in Sources */ = {isa = PBXBuildFile; fileRef = DB24B30528631D4300351D0C /* PokemonsViewController.swift */; };
		DB24B30928631D4300351D0C /* Main.storyboard in Resources */ = {isa = PBXBuildFile; fileRef = DB24B30728631D4300351D0C /* Main.storyboard */; };
		DB24B30B28631D4600351D0C /* Assets.xcassets in Resources */ = {isa = PBXBuildFile; fileRef = DB24B30A28631D4600351D0C /* Assets.xcassets */; };
		DB24B30E28631D4600351D0C /* LaunchScreen.storyboard in Resources */ = {isa = PBXBuildFile; fileRef = DB24B30C28631D4600351D0C /* LaunchScreen.storyboard */; };
		DB24B31928631D4600351D0C /* pokemonsMVVMTests.swift in Sources */ = {isa = PBXBuildFile; fileRef = DB24B31828631D4600351D0C /* pokemonsMVVMTests.swift */; };
		DB24B32328631D4600351D0C /* pokemonsMVVMUITests.swift in Sources */ = {isa = PBXBuildFile; fileRef = DB24B32228631D4600351D0C /* pokemonsMVVMUITests.swift */; };
		DB24B32528631D4600351D0C /* pokemonsMVVMUITestsLaunchTests.swift in Sources */ = {isa = PBXBuildFile; fileRef = DB24B32428631D4600351D0C /* pokemonsMVVMUITestsLaunchTests.swift */; };
		DB24B33728631FD800351D0C /* DataService.swift in Sources */ = {isa = PBXBuildFile; fileRef = DB24B33628631FD800351D0C /* DataService.swift */; };
		DB24B33928631FF900351D0C /* Pokemons.swift in Sources */ = {isa = PBXBuildFile; fileRef = DB24B33828631FF900351D0C /* Pokemons.swift */; };
		DB24B33B2863203800351D0C /* PokemonDetails.swift in Sources */ = {isa = PBXBuildFile; fileRef = DB24B33A2863203800351D0C /* PokemonDetails.swift */; };
		DB24B33D2863207B00351D0C /* APIError.swift in Sources */ = {isa = PBXBuildFile; fileRef = DB24B33C2863207B00351D0C /* APIError.swift */; };
		DB24B33F286320B900351D0C /* Constants.swift in Sources */ = {isa = PBXBuildFile; fileRef = DB24B33E286320B900351D0C /* Constants.swift */; };
		DB24B3432863237E00351D0C /* PokemonDetailsController.swift in Sources */ = {isa = PBXBuildFile; fileRef = DB24B3422863237E00351D0C /* PokemonDetailsController.swift */; };
		DB24B345286324AA00351D0C /* PokemonsViewModel.swift in Sources */ = {isa = PBXBuildFile; fileRef = DB24B344286324AA00351D0C /* PokemonsViewModel.swift */; };
		DB24B3472863254D00351D0C /* PokemonDetailsViewModel.swift in Sources */ = {isa = PBXBuildFile; fileRef = DB24B3462863254D00351D0C /* PokemonDetailsViewModel.swift */; };
		DB24B34B286339BB00351D0C /* PokemonsTableDataSource.swift in Sources */ = {isa = PBXBuildFile; fileRef = DB24B34A286339BB00351D0C /* PokemonsTableDataSource.swift */; };
		DB24B34D28633B9B00351D0C /* PokemonsCell.swift in Sources */ = {isa = PBXBuildFile; fileRef = DB24B34C28633B9B00351D0C /* PokemonsCell.swift */; };
		DB24B34F286353C900351D0C /* PokemonsTableView.swift in Sources */ = {isa = PBXBuildFile; fileRef = DB24B34E286353C900351D0C /* PokemonsTableView.swift */; };
		DB24B3512863606D00351D0C /* AvatarCell.swift in Sources */ = {isa = PBXBuildFile; fileRef = DB24B3502863606D00351D0C /* AvatarCell.swift */; };
		DB24B3532863609400351D0C /* InfoCell.swift in Sources */ = {isa = PBXBuildFile; fileRef = DB24B3522863609400351D0C /* InfoCell.swift */; };
		DB24B355286360A900351D0C /* AbilitiesCell.swift in Sources */ = {isa = PBXBuildFile; fileRef = DB24B354286360A900351D0C /* AbilitiesCell.swift */; };
		DB43369328699C2F004DB464 /* LogInTextField.swift in Sources */ = {isa = PBXBuildFile; fileRef = DB43369228699C2F004DB464 /* LogInTextField.swift */; };
		DB43369528699FB4004DB464 /* LogInButton.swift in Sources */ = {isa = PBXBuildFile; fileRef = DB43369428699FB3004DB464 /* LogInButton.swift */; };
		DB4336972869AAFA004DB464 /* LoginVCExt.swift in Sources */ = {isa = PBXBuildFile; fileRef = DB4336962869AAFA004DB464 /* LoginVCExt.swift */; };
		DBB73682286465E900E6AD80 /* ImageViewExt.swift in Sources */ = {isa = PBXBuildFile; fileRef = DBB73681286465E900E6AD80 /* ImageViewExt.swift */; };
		DBB736842864660D00E6AD80 /* AbilitiesCellExt.swift in Sources */ = {isa = PBXBuildFile; fileRef = DBB736832864660D00E6AD80 /* AbilitiesCellExt.swift */; };
		DBB73688286466F300E6AD80 /* AbilitiesCollectionView.swift in Sources */ = {isa = PBXBuildFile; fileRef = DBB73687286466F300E6AD80 /* AbilitiesCollectionView.swift */; };
		DBB7368A286467A500E6AD80 /* AbilitiesCVCell.swift in Sources */ = {isa = PBXBuildFile; fileRef = DBB73689286467A500E6AD80 /* AbilitiesCVCell.swift */; };
		DBB7368E2864776400E6AD80 /* PokemonDetailsDataSource.swift in Sources */ = {isa = PBXBuildFile; fileRef = DBB7368D2864776400E6AD80 /* PokemonDetailsDataSource.swift */; };
		DBB736902864A6E800E6AD80 /* TableForPokemonDetails.swift in Sources */ = {isa = PBXBuildFile; fileRef = DBB7368F2864A6E800E6AD80 /* TableForPokemonDetails.swift */; };
		DBB736942865E3A400E6AD80 /* LoginViewController.swift in Sources */ = {isa = PBXBuildFile; fileRef = DBB736932865E3A400E6AD80 /* LoginViewController.swift */; };
		EDEE3A69B03062C776B15FB8 /* Pods_pokemonsMVVM.framework in Frameworks */ = {isa = PBXBuildFile; fileRef = 523FF37F5895338BD31CC422 /* Pods_pokemonsMVVM.framework */; };
/* End PBXBuildFile section */

/* Begin PBXContainerItemProxy section */
		DB24B31528631D4600351D0C /* PBXContainerItemProxy */ = {
			isa = PBXContainerItemProxy;
			containerPortal = DB24B2F628631D4300351D0C /* Project object */;
			proxyType = 1;
			remoteGlobalIDString = DB24B2FD28631D4300351D0C;
			remoteInfo = pokemonsMVVM;
		};
		DB24B31F28631D4600351D0C /* PBXContainerItemProxy */ = {
			isa = PBXContainerItemProxy;
			containerPortal = DB24B2F628631D4300351D0C /* Project object */;
			proxyType = 1;
			remoteGlobalIDString = DB24B2FD28631D4300351D0C;
			remoteInfo = pokemonsMVVM;
		};
/* End PBXContainerItemProxy section */

/* Begin PBXFileReference section */
		12E263BC4CFD763F99BBFF39 /* Pods-pokemonsMVVMTests.release.xcconfig */ = {isa = PBXFileReference; includeInIndex = 1; lastKnownFileType = text.xcconfig; name = "Pods-pokemonsMVVMTests.release.xcconfig"; path = "Target Support Files/Pods-pokemonsMVVMTests/Pods-pokemonsMVVMTests.release.xcconfig"; sourceTree = "<group>"; };
		37C609A08BE7929D2F584B29 /* Pods_pokemonsMVVMTests.framework */ = {isa = PBXFileReference; explicitFileType = wrapper.framework; includeInIndex = 0; path = Pods_pokemonsMVVMTests.framework; sourceTree = BUILT_PRODUCTS_DIR; };
		3E28A7E14CD62FCC0840C846 /* Pods-pokemonsMVVM.release.xcconfig */ = {isa = PBXFileReference; includeInIndex = 1; lastKnownFileType = text.xcconfig; name = "Pods-pokemonsMVVM.release.xcconfig"; path = "Target Support Files/Pods-pokemonsMVVM/Pods-pokemonsMVVM.release.xcconfig"; sourceTree = "<group>"; };
		523FF37F5895338BD31CC422 /* Pods_pokemonsMVVM.framework */ = {isa = PBXFileReference; explicitFileType = wrapper.framework; includeInIndex = 0; path = Pods_pokemonsMVVM.framework; sourceTree = BUILT_PRODUCTS_DIR; };
		553B9501660C31ED75FFF3BC /* Pods-pokemonsMVVM-pokemonsMVVMUITests.release.xcconfig */ = {isa = PBXFileReference; includeInIndex = 1; lastKnownFileType = text.xcconfig; name = "Pods-pokemonsMVVM-pokemonsMVVMUITests.release.xcconfig"; path = "Target Support Files/Pods-pokemonsMVVM-pokemonsMVVMUITests/Pods-pokemonsMVVM-pokemonsMVVMUITests.release.xcconfig"; sourceTree = "<group>"; };
		871C5D3429693661B1CCA82C /* Pods-pokemonsMVVM.debug.xcconfig */ = {isa = PBXFileReference; includeInIndex = 1; lastKnownFileType = text.xcconfig; name = "Pods-pokemonsMVVM.debug.xcconfig"; path = "Target Support Files/Pods-pokemonsMVVM/Pods-pokemonsMVVM.debug.xcconfig"; sourceTree = "<group>"; };
		90CF55E045E691E152023969 /* Pods_pokemonsMVVM_pokemonsMVVMUITests.framework */ = {isa = PBXFileReference; explicitFileType = wrapper.framework; includeInIndex = 0; path = Pods_pokemonsMVVM_pokemonsMVVMUITests.framework; sourceTree = BUILT_PRODUCTS_DIR; };
		9F654E32F636E85FFBC80882 /* Pods-pokemonsMVVM-pokemonsMVVMUITests.debug.xcconfig */ = {isa = PBXFileReference; includeInIndex = 1; lastKnownFileType = text.xcconfig; name = "Pods-pokemonsMVVM-pokemonsMVVMUITests.debug.xcconfig"; path = "Target Support Files/Pods-pokemonsMVVM-pokemonsMVVMUITests/Pods-pokemonsMVVM-pokemonsMVVMUITests.debug.xcconfig"; sourceTree = "<group>"; };
		DB0CD2182865F14000C7AA4B /* User.swift */ = {isa = PBXFileReference; lastKnownFileType = sourcecode.swift; path = User.swift; sourceTree = "<group>"; };
		DB0CD21A2865FF1C00C7AA4B /* LoginViewModel.swift */ = {isa = PBXFileReference; lastKnownFileType = sourcecode.swift; path = LoginViewModel.swift; sourceTree = "<group>"; };
		DB24B2FE28631D4300351D0C /* pokemonsMVVM.app */ = {isa = PBXFileReference; explicitFileType = wrapper.application; includeInIndex = 0; path = pokemonsMVVM.app; sourceTree = BUILT_PRODUCTS_DIR; };
		DB24B30128631D4300351D0C /* AppDelegate.swift */ = {isa = PBXFileReference; lastKnownFileType = sourcecode.swift; path = AppDelegate.swift; sourceTree = "<group>"; };
		DB24B30328631D4300351D0C /* SceneDelegate.swift */ = {isa = PBXFileReference; lastKnownFileType = sourcecode.swift; path = SceneDelegate.swift; sourceTree = "<group>"; };
		DB24B30528631D4300351D0C /* PokemonsViewController.swift */ = {isa = PBXFileReference; lastKnownFileType = sourcecode.swift; path = PokemonsViewController.swift; sourceTree = "<group>"; };
		DB24B30828631D4300351D0C /* Base */ = {isa = PBXFileReference; lastKnownFileType = file.storyboard; name = Base; path = Base.lproj/Main.storyboard; sourceTree = "<group>"; };
		DB24B30A28631D4600351D0C /* Assets.xcassets */ = {isa = PBXFileReference; lastKnownFileType = folder.assetcatalog; path = Assets.xcassets; sourceTree = "<group>"; };
		DB24B30D28631D4600351D0C /* Base */ = {isa = PBXFileReference; lastKnownFileType = file.storyboard; name = Base; path = Base.lproj/LaunchScreen.storyboard; sourceTree = "<group>"; };
		DB24B30F28631D4600351D0C /* Info.plist */ = {isa = PBXFileReference; lastKnownFileType = text.plist.xml; path = Info.plist; sourceTree = "<group>"; };
		DB24B31428631D4600351D0C /* pokemonsMVVMTests.xctest */ = {isa = PBXFileReference; explicitFileType = wrapper.cfbundle; includeInIndex = 0; path = pokemonsMVVMTests.xctest; sourceTree = BUILT_PRODUCTS_DIR; };
		DB24B31828631D4600351D0C /* pokemonsMVVMTests.swift */ = {isa = PBXFileReference; lastKnownFileType = sourcecode.swift; path = pokemonsMVVMTests.swift; sourceTree = "<group>"; };
		DB24B31E28631D4600351D0C /* pokemonsMVVMUITests.xctest */ = {isa = PBXFileReference; explicitFileType = wrapper.cfbundle; includeInIndex = 0; path = pokemonsMVVMUITests.xctest; sourceTree = BUILT_PRODUCTS_DIR; };
		DB24B32228631D4600351D0C /* pokemonsMVVMUITests.swift */ = {isa = PBXFileReference; lastKnownFileType = sourcecode.swift; path = pokemonsMVVMUITests.swift; sourceTree = "<group>"; };
		DB24B32428631D4600351D0C /* pokemonsMVVMUITestsLaunchTests.swift */ = {isa = PBXFileReference; lastKnownFileType = sourcecode.swift; path = pokemonsMVVMUITestsLaunchTests.swift; sourceTree = "<group>"; };
		DB24B33628631FD800351D0C /* DataService.swift */ = {isa = PBXFileReference; lastKnownFileType = sourcecode.swift; path = DataService.swift; sourceTree = "<group>"; };
		DB24B33828631FF900351D0C /* Pokemons.swift */ = {isa = PBXFileReference; lastKnownFileType = sourcecode.swift; path = Pokemons.swift; sourceTree = "<group>"; };
		DB24B33A2863203800351D0C /* PokemonDetails.swift */ = {isa = PBXFileReference; lastKnownFileType = sourcecode.swift; path = PokemonDetails.swift; sourceTree = "<group>"; };
		DB24B33C2863207B00351D0C /* APIError.swift */ = {isa = PBXFileReference; lastKnownFileType = sourcecode.swift; path = APIError.swift; sourceTree = "<group>"; };
		DB24B33E286320B900351D0C /* Constants.swift */ = {isa = PBXFileReference; lastKnownFileType = sourcecode.swift; path = Constants.swift; sourceTree = "<group>"; };
		DB24B3422863237E00351D0C /* PokemonDetailsController.swift */ = {isa = PBXFileReference; lastKnownFileType = sourcecode.swift; path = PokemonDetailsController.swift; sourceTree = "<group>"; };
		DB24B344286324AA00351D0C /* PokemonsViewModel.swift */ = {isa = PBXFileReference; lastKnownFileType = sourcecode.swift; path = PokemonsViewModel.swift; sourceTree = "<group>"; };
		DB24B3462863254D00351D0C /* PokemonDetailsViewModel.swift */ = {isa = PBXFileReference; lastKnownFileType = sourcecode.swift; path = PokemonDetailsViewModel.swift; sourceTree = "<group>"; };
		DB24B34A286339BB00351D0C /* PokemonsTableDataSource.swift */ = {isa = PBXFileReference; lastKnownFileType = sourcecode.swift; path = PokemonsTableDataSource.swift; sourceTree = "<group>"; };
		DB24B34C28633B9B00351D0C /* PokemonsCell.swift */ = {isa = PBXFileReference; lastKnownFileType = sourcecode.swift; path = PokemonsCell.swift; sourceTree = "<group>"; };
		DB24B34E286353C900351D0C /* PokemonsTableView.swift */ = {isa = PBXFileReference; lastKnownFileType = sourcecode.swift; path = PokemonsTableView.swift; sourceTree = "<group>"; };
		DB24B3502863606D00351D0C /* AvatarCell.swift */ = {isa = PBXFileReference; lastKnownFileType = sourcecode.swift; path = AvatarCell.swift; sourceTree = "<group>"; };
		DB24B3522863609400351D0C /* InfoCell.swift */ = {isa = PBXFileReference; lastKnownFileType = sourcecode.swift; path = InfoCell.swift; sourceTree = "<group>"; };
		DB24B354286360A900351D0C /* AbilitiesCell.swift */ = {isa = PBXFileReference; lastKnownFileType = sourcecode.swift; path = AbilitiesCell.swift; sourceTree = "<group>"; };
		DB43369228699C2F004DB464 /* LogInTextField.swift */ = {isa = PBXFileReference; lastKnownFileType = sourcecode.swift; path = LogInTextField.swift; sourceTree = "<group>"; };
		DB43369428699FB3004DB464 /* LogInButton.swift */ = {isa = PBXFileReference; lastKnownFileType = sourcecode.swift; path = LogInButton.swift; sourceTree = "<group>"; };
		DB4336962869AAFA004DB464 /* LoginVCExt.swift */ = {isa = PBXFileReference; lastKnownFileType = sourcecode.swift; path = LoginVCExt.swift; sourceTree = "<group>"; };
		DBB73681286465E900E6AD80 /* ImageViewExt.swift */ = {isa = PBXFileReference; lastKnownFileType = sourcecode.swift; path = ImageViewExt.swift; sourceTree = "<group>"; };
		DBB736832864660D00E6AD80 /* AbilitiesCellExt.swift */ = {isa = PBXFileReference; lastKnownFileType = sourcecode.swift; path = AbilitiesCellExt.swift; sourceTree = "<group>"; };
		DBB73687286466F300E6AD80 /* AbilitiesCollectionView.swift */ = {isa = PBXFileReference; lastKnownFileType = sourcecode.swift; path = AbilitiesCollectionView.swift; sourceTree = "<group>"; };
		DBB73689286467A500E6AD80 /* AbilitiesCVCell.swift */ = {isa = PBXFileReference; lastKnownFileType = sourcecode.swift; path = AbilitiesCVCell.swift; sourceTree = "<group>"; };
		DBB7368D2864776400E6AD80 /* PokemonDetailsDataSource.swift */ = {isa = PBXFileReference; lastKnownFileType = sourcecode.swift; path = PokemonDetailsDataSource.swift; sourceTree = "<group>"; };
		DBB7368F2864A6E800E6AD80 /* TableForPokemonDetails.swift */ = {isa = PBXFileReference; lastKnownFileType = sourcecode.swift; path = TableForPokemonDetails.swift; sourceTree = "<group>"; };
		DBB736932865E3A400E6AD80 /* LoginViewController.swift */ = {isa = PBXFileReference; lastKnownFileType = sourcecode.swift; path = LoginViewController.swift; sourceTree = "<group>"; };
		DEEAC12A5123A189853EC20F /* Pods-pokemonsMVVMTests.debug.xcconfig */ = {isa = PBXFileReference; includeInIndex = 1; lastKnownFileType = text.xcconfig; name = "Pods-pokemonsMVVMTests.debug.xcconfig"; path = "Target Support Files/Pods-pokemonsMVVMTests/Pods-pokemonsMVVMTests.debug.xcconfig"; sourceTree = "<group>"; };
/* End PBXFileReference section */

/* Begin PBXFrameworksBuildPhase section */
		DB24B2FB28631D4300351D0C /* Frameworks */ = {
			isa = PBXFrameworksBuildPhase;
			buildActionMask = 2147483647;
			files = (
				EDEE3A69B03062C776B15FB8 /* Pods_pokemonsMVVM.framework in Frameworks */,
			);
			runOnlyForDeploymentPostprocessing = 0;
		};
		DB24B31128631D4600351D0C /* Frameworks */ = {
			isa = PBXFrameworksBuildPhase;
			buildActionMask = 2147483647;
			files = (
				2CDC101AAA862BC385470EDC /* Pods_pokemonsMVVMTests.framework in Frameworks */,
			);
			runOnlyForDeploymentPostprocessing = 0;
		};
		DB24B31B28631D4600351D0C /* Frameworks */ = {
			isa = PBXFrameworksBuildPhase;
			buildActionMask = 2147483647;
			files = (
				CFBD45ED656FB699B4B14D98 /* Pods_pokemonsMVVM_pokemonsMVVMUITests.framework in Frameworks */,
			);
			runOnlyForDeploymentPostprocessing = 0;
		};
/* End PBXFrameworksBuildPhase section */

/* Begin PBXGroup section */
		3BC6BB74762AE3C7ED8C0835 /* Pods */ = {
			isa = PBXGroup;
			children = (
				871C5D3429693661B1CCA82C /* Pods-pokemonsMVVM.debug.xcconfig */,
				3E28A7E14CD62FCC0840C846 /* Pods-pokemonsMVVM.release.xcconfig */,
				9F654E32F636E85FFBC80882 /* Pods-pokemonsMVVM-pokemonsMVVMUITests.debug.xcconfig */,
				553B9501660C31ED75FFF3BC /* Pods-pokemonsMVVM-pokemonsMVVMUITests.release.xcconfig */,
				DEEAC12A5123A189853EC20F /* Pods-pokemonsMVVMTests.debug.xcconfig */,
				12E263BC4CFD763F99BBFF39 /* Pods-pokemonsMVVMTests.release.xcconfig */,
			);
			path = Pods;
			sourceTree = "<group>";
		};
		9014C1C1472DF38C2CE9BFE1 /* Frameworks */ = {
			isa = PBXGroup;
			children = (
				523FF37F5895338BD31CC422 /* Pods_pokemonsMVVM.framework */,
				90CF55E045E691E152023969 /* Pods_pokemonsMVVM_pokemonsMVVMUITests.framework */,
				37C609A08BE7929D2F584B29 /* Pods_pokemonsMVVMTests.framework */,
			);
			name = Frameworks;
			sourceTree = "<group>";
		};
		DB24B2F528631D4300351D0C = {
			isa = PBXGroup;
			children = (
				DB24B30028631D4300351D0C /* pokemonsMVVM */,
				DB24B31728631D4600351D0C /* pokemonsMVVMTests */,
				DB24B32128631D4600351D0C /* pokemonsMVVMUITests */,
				DB24B2FF28631D4300351D0C /* Products */,
				3BC6BB74762AE3C7ED8C0835 /* Pods */,
				9014C1C1472DF38C2CE9BFE1 /* Frameworks */,
			);
			sourceTree = "<group>";
		};
		DB24B2FF28631D4300351D0C /* Products */ = {
			isa = PBXGroup;
			children = (
				DB24B2FE28631D4300351D0C /* pokemonsMVVM.app */,
				DB24B31428631D4600351D0C /* pokemonsMVVMTests.xctest */,
				DB24B31E28631D4600351D0C /* pokemonsMVVMUITests.xctest */,
			);
			name = Products;
			sourceTree = "<group>";
		};
		DB24B30028631D4300351D0C /* pokemonsMVVM */ = {
			isa = PBXGroup;
			children = (
				DB24B33128631E7C00351D0C /* Common */,
				DB24B33528631F6700351D0C /* DataService */,
				DBB73680286465BE00E6AD80 /* Extensions */,
				DB24B33328631E9F00351D0C /* Model */,
				DB24B33228631E9000351D0C /* View */,
				DB24B33428631EB100351D0C /* ViewModel */,
				DB24B30728631D4300351D0C /* Main.storyboard */,
				DB24B30A28631D4600351D0C /* Assets.xcassets */,
				DB24B30C28631D4600351D0C /* LaunchScreen.storyboard */,
				DB24B30F28631D4600351D0C /* Info.plist */,
			);
			path = pokemonsMVVM;
			sourceTree = "<group>";
		};
		DB24B31728631D4600351D0C /* pokemonsMVVMTests */ = {
			isa = PBXGroup;
			children = (
				DB24B31828631D4600351D0C /* pokemonsMVVMTests.swift */,
			);
			path = pokemonsMVVMTests;
			sourceTree = "<group>";
		};
		DB24B32128631D4600351D0C /* pokemonsMVVMUITests */ = {
			isa = PBXGroup;
			children = (
				DB24B32228631D4600351D0C /* pokemonsMVVMUITests.swift */,
				DB24B32428631D4600351D0C /* pokemonsMVVMUITestsLaunchTests.swift */,
			);
			path = pokemonsMVVMUITests;
			sourceTree = "<group>";
		};
		DB24B33128631E7C00351D0C /* Common */ = {
			isa = PBXGroup;
			children = (
				DB24B30328631D4300351D0C /* SceneDelegate.swift */,
				DB24B30128631D4300351D0C /* AppDelegate.swift */,
			);
			path = Common;
			sourceTree = "<group>";
		};
		DB24B33228631E9000351D0C /* View */ = {
			isa = PBXGroup;
			children = (
				DBB736932865E3A400E6AD80 /* LoginViewController.swift */,
				DB24B30528631D4300351D0C /* PokemonsViewController.swift */,
				DB24B3422863237E00351D0C /* PokemonDetailsController.swift */,
				DB43369128699C0D004DB464 /* LogInViews */,
				DBB7368C28646D8400E6AD80 /* PokemonsViews */,
				DBB7368B28646D4600E6AD80 /* PokemonDetailViews */,
			);
			path = View;
			sourceTree = "<group>";
		};
		DB24B33328631E9F00351D0C /* Model */ = {
			isa = PBXGroup;
			children = (
				DB0CD2182865F14000C7AA4B /* User.swift */,
				DB24B33828631FF900351D0C /* Pokemons.swift */,
				DB24B33A2863203800351D0C /* PokemonDetails.swift */,
				DB24B33C2863207B00351D0C /* APIError.swift */,
				DB24B33E286320B900351D0C /* Constants.swift */,
			);
			path = Model;
			sourceTree = "<group>";
		};
		DB24B33428631EB100351D0C /* ViewModel */ = {
			isa = PBXGroup;
			children = (
				DB0CD21A2865FF1C00C7AA4B /* LoginViewModel.swift */,
				DB24B344286324AA00351D0C /* PokemonsViewModel.swift */,
				DB24B34A286339BB00351D0C /* PokemonsTableDataSource.swift */,
				DB24B3462863254D00351D0C /* PokemonDetailsViewModel.swift */,
				DBB7368D2864776400E6AD80 /* PokemonDetailsDataSource.swift */,
			);
			path = ViewModel;
			sourceTree = "<group>";
		};
		DB24B33528631F6700351D0C /* DataService */ = {
			isa = PBXGroup;
			children = (
				DB24B33628631FD800351D0C /* DataService.swift */,
			);
			path = DataService;
			sourceTree = "<group>";
		};
		DB43369128699C0D004DB464 /* LogInViews */ = {
			isa = PBXGroup;
			children = (
				DB43369228699C2F004DB464 /* LogInTextField.swift */,
				DB43369428699FB3004DB464 /* LogInButton.swift */,
			);
			path = LogInViews;
			sourceTree = "<group>";
		};
		DBB73680286465BE00E6AD80 /* Extensions */ = {
			isa = PBXGroup;
			children = (
				DBB73681286465E900E6AD80 /* ImageViewExt.swift */,
				DBB736832864660D00E6AD80 /* AbilitiesCellExt.swift */,
				DB4336962869AAFA004DB464 /* LoginVCExt.swift */,
			);
			path = Extensions;
			sourceTree = "<group>";
		};
		DBB7368B28646D4600E6AD80 /* PokemonDetailViews */ = {
			isa = PBXGroup;
			children = (
				DBB7368F2864A6E800E6AD80 /* TableForPokemonDetails.swift */,
				DB24B3502863606D00351D0C /* AvatarCell.swift */,
				DB24B3522863609400351D0C /* InfoCell.swift */,
				DB24B354286360A900351D0C /* AbilitiesCell.swift */,
				DBB73687286466F300E6AD80 /* AbilitiesCollectionView.swift */,
				DBB73689286467A500E6AD80 /* AbilitiesCVCell.swift */,
			);
			path = PokemonDetailViews;
			sourceTree = "<group>";
		};
		DBB7368C28646D8400E6AD80 /* PokemonsViews */ = {
			isa = PBXGroup;
			children = (
				DB24B34E286353C900351D0C /* PokemonsTableView.swift */,
				DB24B34C28633B9B00351D0C /* PokemonsCell.swift */,
			);
			path = PokemonsViews;
			sourceTree = "<group>";
		};
/* End PBXGroup section */

/* Begin PBXNativeTarget section */
		DB24B2FD28631D4300351D0C /* pokemonsMVVM */ = {
			isa = PBXNativeTarget;
			buildConfigurationList = DB24B32828631D4600351D0C /* Build configuration list for PBXNativeTarget "pokemonsMVVM" */;
			buildPhases = (
				96CCA45C04682C1B697D3F4F /* [CP] Check Pods Manifest.lock */,
				DB24B2FA28631D4300351D0C /* Sources */,
				DB24B2FB28631D4300351D0C /* Frameworks */,
				DB24B2FC28631D4300351D0C /* Resources */,
				FB43CB109F7ED3ACB9A23B93 /* [CP] Embed Pods Frameworks */,
			);
			buildRules = (
			);
			dependencies = (
			);
			name = pokemonsMVVM;
			productName = pokemonsMVVM;
			productReference = DB24B2FE28631D4300351D0C /* pokemonsMVVM.app */;
			productType = "com.apple.product-type.application";
		};
		DB24B31328631D4600351D0C /* pokemonsMVVMTests */ = {
			isa = PBXNativeTarget;
			buildConfigurationList = DB24B32B28631D4600351D0C /* Build configuration list for PBXNativeTarget "pokemonsMVVMTests" */;
			buildPhases = (
				35DBEB73D5841222BE27AEB5 /* [CP] Check Pods Manifest.lock */,
				DB24B31028631D4600351D0C /* Sources */,
				DB24B31128631D4600351D0C /* Frameworks */,
				DB24B31228631D4600351D0C /* Resources */,
			);
			buildRules = (
			);
			dependencies = (
				DB24B31628631D4600351D0C /* PBXTargetDependency */,
			);
			name = pokemonsMVVMTests;
			productName = pokemonsMVVMTests;
			productReference = DB24B31428631D4600351D0C /* pokemonsMVVMTests.xctest */;
			productType = "com.apple.product-type.bundle.unit-test";
		};
		DB24B31D28631D4600351D0C /* pokemonsMVVMUITests */ = {
			isa = PBXNativeTarget;
			buildConfigurationList = DB24B32E28631D4600351D0C /* Build configuration list for PBXNativeTarget "pokemonsMVVMUITests" */;
			buildPhases = (
				77A803EAD237D1C5E00EE59B /* [CP] Check Pods Manifest.lock */,
				DB24B31A28631D4600351D0C /* Sources */,
				DB24B31B28631D4600351D0C /* Frameworks */,
				DB24B31C28631D4600351D0C /* Resources */,
				3084BDF605D695AC411DC9E6 /* [CP] Embed Pods Frameworks */,
			);
			buildRules = (
			);
			dependencies = (
				DB24B32028631D4600351D0C /* PBXTargetDependency */,
			);
			name = pokemonsMVVMUITests;
			productName = pokemonsMVVMUITests;
			productReference = DB24B31E28631D4600351D0C /* pokemonsMVVMUITests.xctest */;
			productType = "com.apple.product-type.bundle.ui-testing";
		};
/* End PBXNativeTarget section */

/* Begin PBXProject section */
		DB24B2F628631D4300351D0C /* Project object */ = {
			isa = PBXProject;
			attributes = {
				BuildIndependentTargetsInParallel = 1;
				LastSwiftUpdateCheck = 1320;
				LastUpgradeCheck = 1320;
				TargetAttributes = {
					DB24B2FD28631D4300351D0C = {
						CreatedOnToolsVersion = 13.2.1;
					};
					DB24B31328631D4600351D0C = {
						CreatedOnToolsVersion = 13.2.1;
						TestTargetID = DB24B2FD28631D4300351D0C;
					};
					DB24B31D28631D4600351D0C = {
						CreatedOnToolsVersion = 13.2.1;
						TestTargetID = DB24B2FD28631D4300351D0C;
					};
				};
			};
			buildConfigurationList = DB24B2F928631D4300351D0C /* Build configuration list for PBXProject "pokemonsMVVM" */;
			compatibilityVersion = "Xcode 13.0";
			developmentRegion = en;
			hasScannedForEncodings = 0;
			knownRegions = (
				en,
				Base,
			);
			mainGroup = DB24B2F528631D4300351D0C;
			productRefGroup = DB24B2FF28631D4300351D0C /* Products */;
			projectDirPath = "";
			projectRoot = "";
			targets = (
				DB24B2FD28631D4300351D0C /* pokemonsMVVM */,
				DB24B31328631D4600351D0C /* pokemonsMVVMTests */,
				DB24B31D28631D4600351D0C /* pokemonsMVVMUITests */,
			);
		};
/* End PBXProject section */

/* Begin PBXResourcesBuildPhase section */
		DB24B2FC28631D4300351D0C /* Resources */ = {
			isa = PBXResourcesBuildPhase;
			buildActionMask = 2147483647;
			files = (
				DB24B30E28631D4600351D0C /* LaunchScreen.storyboard in Resources */,
				DB24B30B28631D4600351D0C /* Assets.xcassets in Resources */,
				DB24B30928631D4300351D0C /* Main.storyboard in Resources */,
			);
			runOnlyForDeploymentPostprocessing = 0;
		};
		DB24B31228631D4600351D0C /* Resources */ = {
			isa = PBXResourcesBuildPhase;
			buildActionMask = 2147483647;
			files = (
			);
			runOnlyForDeploymentPostprocessing = 0;
		};
		DB24B31C28631D4600351D0C /* Resources */ = {
			isa = PBXResourcesBuildPhase;
			buildActionMask = 2147483647;
			files = (
			);
			runOnlyForDeploymentPostprocessing = 0;
		};
/* End PBXResourcesBuildPhase section */

/* Begin PBXShellScriptBuildPhase section */
		3084BDF605D695AC411DC9E6 /* [CP] Embed Pods Frameworks */ = {
			isa = PBXShellScriptBuildPhase;
			buildActionMask = 2147483647;
			files = (
			);
			inputFileListPaths = (
				"${PODS_ROOT}/Target Support Files/Pods-pokemonsMVVM-pokemonsMVVMUITests/Pods-pokemonsMVVM-pokemonsMVVMUITests-frameworks-${CONFIGURATION}-input-files.xcfilelist",
			);
			name = "[CP] Embed Pods Frameworks";
			outputFileListPaths = (
				"${PODS_ROOT}/Target Support Files/Pods-pokemonsMVVM-pokemonsMVVMUITests/Pods-pokemonsMVVM-pokemonsMVVMUITests-frameworks-${CONFIGURATION}-output-files.xcfilelist",
			);
			runOnlyForDeploymentPostprocessing = 0;
			shellPath = /bin/sh;
			shellScript = "\"${PODS_ROOT}/Target Support Files/Pods-pokemonsMVVM-pokemonsMVVMUITests/Pods-pokemonsMVVM-pokemonsMVVMUITests-frameworks.sh\"\n";
			showEnvVarsInLog = 0;
		};
		35DBEB73D5841222BE27AEB5 /* [CP] Check Pods Manifest.lock */ = {
			isa = PBXShellScriptBuildPhase;
			buildActionMask = 2147483647;
			files = (
			);
			inputFileListPaths = (
			);
			inputPaths = (
				"${PODS_PODFILE_DIR_PATH}/Podfile.lock",
				"${PODS_ROOT}/Manifest.lock",
			);
			name = "[CP] Check Pods Manifest.lock";
			outputFileListPaths = (
			);
			outputPaths = (
				"$(DERIVED_FILE_DIR)/Pods-pokemonsMVVMTests-checkManifestLockResult.txt",
			);
			runOnlyForDeploymentPostprocessing = 0;
			shellPath = /bin/sh;
			shellScript = "diff \"${PODS_PODFILE_DIR_PATH}/Podfile.lock\" \"${PODS_ROOT}/Manifest.lock\" > /dev/null\nif [ $? != 0 ] ; then\n    # print error to STDERR\n    echo \"error: The sandbox is not in sync with the Podfile.lock. Run 'pod install' or update your CocoaPods installation.\" >&2\n    exit 1\nfi\n# This output is used by Xcode 'outputs' to avoid re-running this script phase.\necho \"SUCCESS\" > \"${SCRIPT_OUTPUT_FILE_0}\"\n";
			showEnvVarsInLog = 0;
		};
		77A803EAD237D1C5E00EE59B /* [CP] Check Pods Manifest.lock */ = {
			isa = PBXShellScriptBuildPhase;
			buildActionMask = 2147483647;
			files = (
			);
			inputFileListPaths = (
			);
			inputPaths = (
				"${PODS_PODFILE_DIR_PATH}/Podfile.lock",
				"${PODS_ROOT}/Manifest.lock",
			);
			name = "[CP] Check Pods Manifest.lock";
			outputFileListPaths = (
			);
			outputPaths = (
				"$(DERIVED_FILE_DIR)/Pods-pokemonsMVVM-pokemonsMVVMUITests-checkManifestLockResult.txt",
			);
			runOnlyForDeploymentPostprocessing = 0;
			shellPath = /bin/sh;
			shellScript = "diff \"${PODS_PODFILE_DIR_PATH}/Podfile.lock\" \"${PODS_ROOT}/Manifest.lock\" > /dev/null\nif [ $? != 0 ] ; then\n    # print error to STDERR\n    echo \"error: The sandbox is not in sync with the Podfile.lock. Run 'pod install' or update your CocoaPods installation.\" >&2\n    exit 1\nfi\n# This output is used by Xcode 'outputs' to avoid re-running this script phase.\necho \"SUCCESS\" > \"${SCRIPT_OUTPUT_FILE_0}\"\n";
			showEnvVarsInLog = 0;
		};
		96CCA45C04682C1B697D3F4F /* [CP] Check Pods Manifest.lock */ = {
			isa = PBXShellScriptBuildPhase;
			buildActionMask = 2147483647;
			files = (
			);
			inputFileListPaths = (
			);
			inputPaths = (
				"${PODS_PODFILE_DIR_PATH}/Podfile.lock",
				"${PODS_ROOT}/Manifest.lock",
			);
			name = "[CP] Check Pods Manifest.lock";
			outputFileListPaths = (
			);
			outputPaths = (
				"$(DERIVED_FILE_DIR)/Pods-pokemonsMVVM-checkManifestLockResult.txt",
			);
			runOnlyForDeploymentPostprocessing = 0;
			shellPath = /bin/sh;
			shellScript = "diff \"${PODS_PODFILE_DIR_PATH}/Podfile.lock\" \"${PODS_ROOT}/Manifest.lock\" > /dev/null\nif [ $? != 0 ] ; then\n    # print error to STDERR\n    echo \"error: The sandbox is not in sync with the Podfile.lock. Run 'pod install' or update your CocoaPods installation.\" >&2\n    exit 1\nfi\n# This output is used by Xcode 'outputs' to avoid re-running this script phase.\necho \"SUCCESS\" > \"${SCRIPT_OUTPUT_FILE_0}\"\n";
			showEnvVarsInLog = 0;
		};
		FB43CB109F7ED3ACB9A23B93 /* [CP] Embed Pods Frameworks */ = {
			isa = PBXShellScriptBuildPhase;
			buildActionMask = 2147483647;
			files = (
			);
			inputFileListPaths = (
				"${PODS_ROOT}/Target Support Files/Pods-pokemonsMVVM/Pods-pokemonsMVVM-frameworks-${CONFIGURATION}-input-files.xcfilelist",
			);
			name = "[CP] Embed Pods Frameworks";
			outputFileListPaths = (
				"${PODS_ROOT}/Target Support Files/Pods-pokemonsMVVM/Pods-pokemonsMVVM-frameworks-${CONFIGURATION}-output-files.xcfilelist",
			);
			runOnlyForDeploymentPostprocessing = 0;
			shellPath = /bin/sh;
			shellScript = "\"${PODS_ROOT}/Target Support Files/Pods-pokemonsMVVM/Pods-pokemonsMVVM-frameworks.sh\"\n";
			showEnvVarsInLog = 0;
		};
/* End PBXShellScriptBuildPhase section */

/* Begin PBXSourcesBuildPhase section */
		DB24B2FA28631D4300351D0C /* Sources */ = {
			isa = PBXSourcesBuildPhase;
			buildActionMask = 2147483647;
			files = (
				DBB73682286465E900E6AD80 /* ImageViewExt.swift in Sources */,
				DB24B30628631D4300351D0C /* PokemonsViewController.swift in Sources */,
				DBB736902864A6E800E6AD80 /* TableForPokemonDetails.swift in Sources */,
				DB0CD2192865F14000C7AA4B /* User.swift in Sources */,
				DBB736842864660D00E6AD80 /* AbilitiesCellExt.swift in Sources */,
				DB4336972869AAFA004DB464 /* LoginVCExt.swift in Sources */,
				DB24B34D28633B9B00351D0C /* PokemonsCell.swift in Sources */,
				DB24B30228631D4300351D0C /* AppDelegate.swift in Sources */,
				DBB7368E2864776400E6AD80 /* PokemonDetailsDataSource.swift in Sources */,
				DB0CD21B2865FF1C00C7AA4B /* LoginViewModel.swift in Sources */,
				DB43369528699FB4004DB464 /* LogInButton.swift in Sources */,
				DB43369328699C2F004DB464 /* LogInTextField.swift in Sources */,
				DB24B33B2863203800351D0C /* PokemonDetails.swift in Sources */,
				DB24B3512863606D00351D0C /* AvatarCell.swift in Sources */,
				DB24B3532863609400351D0C /* InfoCell.swift in Sources */,
				DB24B3432863237E00351D0C /* PokemonDetailsController.swift in Sources */,
				DBB73688286466F300E6AD80 /* AbilitiesCollectionView.swift in Sources */,
				DBB736942865E3A400E6AD80 /* LoginViewController.swift in Sources */,
				DBB7368A286467A500E6AD80 /* AbilitiesCVCell.swift in Sources */,
				DB24B33928631FF900351D0C /* Pokemons.swift in Sources */,
				DB24B30428631D4300351D0C /* SceneDelegate.swift in Sources */,
				DB24B34F286353C900351D0C /* PokemonsTableView.swift in Sources */,
				DB24B33728631FD800351D0C /* DataService.swift in Sources */,
				DB24B34B286339BB00351D0C /* PokemonsTableDataSource.swift in Sources */,
				DB24B355286360A900351D0C /* AbilitiesCell.swift in Sources */,
				DB24B33D2863207B00351D0C /* APIError.swift in Sources */,
				DB24B3472863254D00351D0C /* PokemonDetailsViewModel.swift in Sources */,
				DB24B345286324AA00351D0C /* PokemonsViewModel.swift in Sources */,
				DB24B33F286320B900351D0C /* Constants.swift in Sources */,
			);
			runOnlyForDeploymentPostprocessing = 0;
		};
		DB24B31028631D4600351D0C /* Sources */ = {
			isa = PBXSourcesBuildPhase;
			buildActionMask = 2147483647;
			files = (
				DB24B31928631D4600351D0C /* pokemonsMVVMTests.swift in Sources */,
			);
			runOnlyForDeploymentPostprocessing = 0;
		};
		DB24B31A28631D4600351D0C /* Sources */ = {
			isa = PBXSourcesBuildPhase;
			buildActionMask = 2147483647;
			files = (
				DB24B32528631D4600351D0C /* pokemonsMVVMUITestsLaunchTests.swift in Sources */,
				DB24B32328631D4600351D0C /* pokemonsMVVMUITests.swift in Sources */,
			);
			runOnlyForDeploymentPostprocessing = 0;
		};
/* End PBXSourcesBuildPhase section */

/* Begin PBXTargetDependency section */
		DB24B31628631D4600351D0C /* PBXTargetDependency */ = {
			isa = PBXTargetDependency;
			target = DB24B2FD28631D4300351D0C /* pokemonsMVVM */;
			targetProxy = DB24B31528631D4600351D0C /* PBXContainerItemProxy */;
		};
		DB24B32028631D4600351D0C /* PBXTargetDependency */ = {
			isa = PBXTargetDependency;
			target = DB24B2FD28631D4300351D0C /* pokemonsMVVM */;
			targetProxy = DB24B31F28631D4600351D0C /* PBXContainerItemProxy */;
		};
/* End PBXTargetDependency section */

/* Begin PBXVariantGroup section */
		DB24B30728631D4300351D0C /* Main.storyboard */ = {
			isa = PBXVariantGroup;
			children = (
				DB24B30828631D4300351D0C /* Base */,
			);
			name = Main.storyboard;
			sourceTree = "<group>";
		};
		DB24B30C28631D4600351D0C /* LaunchScreen.storyboard */ = {
			isa = PBXVariantGroup;
			children = (
				DB24B30D28631D4600351D0C /* Base */,
			);
			name = LaunchScreen.storyboard;
			sourceTree = "<group>";
		};
/* End PBXVariantGroup section */

/* Begin XCBuildConfiguration section */
		DB24B32628631D4600351D0C /* Debug */ = {
			isa = XCBuildConfiguration;
			buildSettings = {
				ALWAYS_SEARCH_USER_PATHS = NO;
				CLANG_ANALYZER_NONNULL = YES;
				CLANG_ANALYZER_NUMBER_OBJECT_CONVERSION = YES_AGGRESSIVE;
				CLANG_CXX_LANGUAGE_STANDARD = "gnu++17";
				CLANG_CXX_LIBRARY = "libc++";
				CLANG_ENABLE_MODULES = YES;
				CLANG_ENABLE_OBJC_ARC = YES;
				CLANG_ENABLE_OBJC_WEAK = YES;
				CLANG_WARN_BLOCK_CAPTURE_AUTORELEASING = YES;
				CLANG_WARN_BOOL_CONVERSION = YES;
				CLANG_WARN_COMMA = YES;
				CLANG_WARN_CONSTANT_CONVERSION = YES;
				CLANG_WARN_DEPRECATED_OBJC_IMPLEMENTATIONS = YES;
				CLANG_WARN_DIRECT_OBJC_ISA_USAGE = YES_ERROR;
				CLANG_WARN_DOCUMENTATION_COMMENTS = YES;
				CLANG_WARN_EMPTY_BODY = YES;
				CLANG_WARN_ENUM_CONVERSION = YES;
				CLANG_WARN_INFINITE_RECURSION = YES;
				CLANG_WARN_INT_CONVERSION = YES;
				CLANG_WARN_NON_LITERAL_NULL_CONVERSION = YES;
				CLANG_WARN_OBJC_IMPLICIT_RETAIN_SELF = YES;
				CLANG_WARN_OBJC_LITERAL_CONVERSION = YES;
				CLANG_WARN_OBJC_ROOT_CLASS = YES_ERROR;
				CLANG_WARN_QUOTED_INCLUDE_IN_FRAMEWORK_HEADER = YES;
				CLANG_WARN_RANGE_LOOP_ANALYSIS = YES;
				CLANG_WARN_STRICT_PROTOTYPES = YES;
				CLANG_WARN_SUSPICIOUS_MOVE = YES;
				CLANG_WARN_UNGUARDED_AVAILABILITY = YES_AGGRESSIVE;
				CLANG_WARN_UNREACHABLE_CODE = YES;
				CLANG_WARN__DUPLICATE_METHOD_MATCH = YES;
				COPY_PHASE_STRIP = NO;
				DEBUG_INFORMATION_FORMAT = dwarf;
				ENABLE_STRICT_OBJC_MSGSEND = YES;
				ENABLE_TESTABILITY = YES;
				GCC_C_LANGUAGE_STANDARD = gnu11;
				GCC_DYNAMIC_NO_PIC = NO;
				GCC_NO_COMMON_BLOCKS = YES;
				GCC_OPTIMIZATION_LEVEL = 0;
				GCC_PREPROCESSOR_DEFINITIONS = (
					"DEBUG=1",
					"$(inherited)",
				);
				GCC_WARN_64_TO_32_BIT_CONVERSION = YES;
				GCC_WARN_ABOUT_RETURN_TYPE = YES_ERROR;
				GCC_WARN_UNDECLARED_SELECTOR = YES;
				GCC_WARN_UNINITIALIZED_AUTOS = YES_AGGRESSIVE;
				GCC_WARN_UNUSED_FUNCTION = YES;
				GCC_WARN_UNUSED_VARIABLE = YES;
				IPHONEOS_DEPLOYMENT_TARGET = 15.2;
				MTL_ENABLE_DEBUG_INFO = INCLUDE_SOURCE;
				MTL_FAST_MATH = YES;
				ONLY_ACTIVE_ARCH = YES;
				SDKROOT = iphoneos;
				SWIFT_ACTIVE_COMPILATION_CONDITIONS = DEBUG;
				SWIFT_OPTIMIZATION_LEVEL = "-Onone";
			};
			name = Debug;
		};
		DB24B32728631D4600351D0C /* Release */ = {
			isa = XCBuildConfiguration;
			buildSettings = {
				ALWAYS_SEARCH_USER_PATHS = NO;
				CLANG_ANALYZER_NONNULL = YES;
				CLANG_ANALYZER_NUMBER_OBJECT_CONVERSION = YES_AGGRESSIVE;
				CLANG_CXX_LANGUAGE_STANDARD = "gnu++17";
				CLANG_CXX_LIBRARY = "libc++";
				CLANG_ENABLE_MODULES = YES;
				CLANG_ENABLE_OBJC_ARC = YES;
				CLANG_ENABLE_OBJC_WEAK = YES;
				CLANG_WARN_BLOCK_CAPTURE_AUTORELEASING = YES;
				CLANG_WARN_BOOL_CONVERSION = YES;
				CLANG_WARN_COMMA = YES;
				CLANG_WARN_CONSTANT_CONVERSION = YES;
				CLANG_WARN_DEPRECATED_OBJC_IMPLEMENTATIONS = YES;
				CLANG_WARN_DIRECT_OBJC_ISA_USAGE = YES_ERROR;
				CLANG_WARN_DOCUMENTATION_COMMENTS = YES;
				CLANG_WARN_EMPTY_BODY = YES;
				CLANG_WARN_ENUM_CONVERSION = YES;
				CLANG_WARN_INFINITE_RECURSION = YES;
				CLANG_WARN_INT_CONVERSION = YES;
				CLANG_WARN_NON_LITERAL_NULL_CONVERSION = YES;
				CLANG_WARN_OBJC_IMPLICIT_RETAIN_SELF = YES;
				CLANG_WARN_OBJC_LITERAL_CONVERSION = YES;
				CLANG_WARN_OBJC_ROOT_CLASS = YES_ERROR;
				CLANG_WARN_QUOTED_INCLUDE_IN_FRAMEWORK_HEADER = YES;
				CLANG_WARN_RANGE_LOOP_ANALYSIS = YES;
				CLANG_WARN_STRICT_PROTOTYPES = YES;
				CLANG_WARN_SUSPICIOUS_MOVE = YES;
				CLANG_WARN_UNGUARDED_AVAILABILITY = YES_AGGRESSIVE;
				CLANG_WARN_UNREACHABLE_CODE = YES;
				CLANG_WARN__DUPLICATE_METHOD_MATCH = YES;
				COPY_PHASE_STRIP = NO;
				DEBUG_INFORMATION_FORMAT = "dwarf-with-dsym";
				ENABLE_NS_ASSERTIONS = NO;
				ENABLE_STRICT_OBJC_MSGSEND = YES;
				GCC_C_LANGUAGE_STANDARD = gnu11;
				GCC_NO_COMMON_BLOCKS = YES;
				GCC_WARN_64_TO_32_BIT_CONVERSION = YES;
				GCC_WARN_ABOUT_RETURN_TYPE = YES_ERROR;
				GCC_WARN_UNDECLARED_SELECTOR = YES;
				GCC_WARN_UNINITIALIZED_AUTOS = YES_AGGRESSIVE;
				GCC_WARN_UNUSED_FUNCTION = YES;
				GCC_WARN_UNUSED_VARIABLE = YES;
				IPHONEOS_DEPLOYMENT_TARGET = 15.2;
				MTL_ENABLE_DEBUG_INFO = NO;
				MTL_FAST_MATH = YES;
				SDKROOT = iphoneos;
				SWIFT_COMPILATION_MODE = wholemodule;
				SWIFT_OPTIMIZATION_LEVEL = "-O";
				VALIDATE_PRODUCT = YES;
			};
			name = Release;
		};
		DB24B32928631D4600351D0C /* Debug */ = {
			isa = XCBuildConfiguration;
			baseConfigurationReference = 871C5D3429693661B1CCA82C /* Pods-pokemonsMVVM.debug.xcconfig */;
			buildSettings = {
				ASSETCATALOG_COMPILER_APPICON_NAME = AppIcon;
				ASSETCATALOG_COMPILER_GLOBAL_ACCENT_COLOR_NAME = AccentColor;
				CODE_SIGN_STYLE = Automatic;
				CURRENT_PROJECT_VERSION = 1;
				GENERATE_INFOPLIST_FILE = YES;
				INFOPLIST_FILE = pokemonsMVVM/Info.plist;
				INFOPLIST_KEY_UIApplicationSupportsIndirectInputEvents = YES;
				INFOPLIST_KEY_UILaunchStoryboardName = LaunchScreen;
				INFOPLIST_KEY_UISupportedInterfaceOrientations_iPad = "UIInterfaceOrientationPortrait UIInterfaceOrientationPortraitUpsideDown UIInterfaceOrientationLandscapeLeft UIInterfaceOrientationLandscapeRight";
				INFOPLIST_KEY_UISupportedInterfaceOrientations_iPhone = "UIInterfaceOrientationPortrait UIInterfaceOrientationLandscapeLeft UIInterfaceOrientationLandscapeRight";
				LD_RUNPATH_SEARCH_PATHS = (
					"$(inherited)",
					"@executable_path/Frameworks",
				);
				MARKETING_VERSION = 1.0;
				PRODUCT_BUNDLE_IDENTIFIER = com.example.pokemonsMVVM;
				PRODUCT_NAME = "$(TARGET_NAME)";
				SWIFT_EMIT_LOC_STRINGS = YES;
				SWIFT_VERSION = 5.0;
				TARGETED_DEVICE_FAMILY = "1,2";
			};
			name = Debug;
		};
		DB24B32A28631D4600351D0C /* Release */ = {
			isa = XCBuildConfiguration;
			baseConfigurationReference = 3E28A7E14CD62FCC0840C846 /* Pods-pokemonsMVVM.release.xcconfig */;
			buildSettings = {
				ASSETCATALOG_COMPILER_APPICON_NAME = AppIcon;
				ASSETCATALOG_COMPILER_GLOBAL_ACCENT_COLOR_NAME = AccentColor;
				CODE_SIGN_STYLE = Automatic;
				CURRENT_PROJECT_VERSION = 1;
				GENERATE_INFOPLIST_FILE = YES;
				INFOPLIST_FILE = pokemonsMVVM/Info.plist;
				INFOPLIST_KEY_UIApplicationSupportsIndirectInputEvents = YES;
				INFOPLIST_KEY_UILaunchStoryboardName = LaunchScreen;
				INFOPLIST_KEY_UISupportedInterfaceOrientations_iPad = "UIInterfaceOrientationPortrait UIInterfaceOrientationPortraitUpsideDown UIInterfaceOrientationLandscapeLeft UIInterfaceOrientationLandscapeRight";
				INFOPLIST_KEY_UISupportedInterfaceOrientations_iPhone = "UIInterfaceOrientationPortrait UIInterfaceOrientationLandscapeLeft UIInterfaceOrientationLandscapeRight";
				LD_RUNPATH_SEARCH_PATHS = (
					"$(inherited)",
					"@executable_path/Frameworks",
				);
				MARKETING_VERSION = 1.0;
				PRODUCT_BUNDLE_IDENTIFIER = com.example.pokemonsMVVM;
				PRODUCT_NAME = "$(TARGET_NAME)";
				SWIFT_EMIT_LOC_STRINGS = YES;
				SWIFT_VERSION = 5.0;
				TARGETED_DEVICE_FAMILY = "1,2";
			};
			name = Release;
		};
		DB24B32C28631D4600351D0C /* Debug */ = {
			isa = XCBuildConfiguration;
			baseConfigurationReference = DEEAC12A5123A189853EC20F /* Pods-pokemonsMVVMTests.debug.xcconfig */;
			buildSettings = {
				ALWAYS_EMBED_SWIFT_STANDARD_LIBRARIES = YES;
				BUNDLE_LOADER = "$(TEST_HOST)";
				CODE_SIGN_STYLE = Automatic;
				CURRENT_PROJECT_VERSION = 1;
				GENERATE_INFOPLIST_FILE = YES;
				IPHONEOS_DEPLOYMENT_TARGET = 15.2;
				MARKETING_VERSION = 1.0;
				PRODUCT_BUNDLE_IDENTIFIER = com.example.pokemonsMVVMTests;
				PRODUCT_NAME = "$(TARGET_NAME)";
				SWIFT_EMIT_LOC_STRINGS = NO;
				SWIFT_VERSION = 5.0;
				TARGETED_DEVICE_FAMILY = "1,2";
				TEST_HOST = "$(BUILT_PRODUCTS_DIR)/pokemonsMVVM.app/pokemonsMVVM";
			};
			name = Debug;
		};
		DB24B32D28631D4600351D0C /* Release */ = {
			isa = XCBuildConfiguration;
			baseConfigurationReference = 12E263BC4CFD763F99BBFF39 /* Pods-pokemonsMVVMTests.release.xcconfig */;
			buildSettings = {
				ALWAYS_EMBED_SWIFT_STANDARD_LIBRARIES = YES;
				BUNDLE_LOADER = "$(TEST_HOST)";
				CODE_SIGN_STYLE = Automatic;
				CURRENT_PROJECT_VERSION = 1;
				GENERATE_INFOPLIST_FILE = YES;
				IPHONEOS_DEPLOYMENT_TARGET = 15.2;
				MARKETING_VERSION = 1.0;
				PRODUCT_BUNDLE_IDENTIFIER = com.example.pokemonsMVVMTests;
				PRODUCT_NAME = "$(TARGET_NAME)";
				SWIFT_EMIT_LOC_STRINGS = NO;
				SWIFT_VERSION = 5.0;
				TARGETED_DEVICE_FAMILY = "1,2";
				TEST_HOST = "$(BUILT_PRODUCTS_DIR)/pokemonsMVVM.app/pokemonsMVVM";
			};
			name = Release;
		};
		DB24B32F28631D4600351D0C /* Debug */ = {
			isa = XCBuildConfiguration;
			baseConfigurationReference = 9F654E32F636E85FFBC80882 /* Pods-pokemonsMVVM-pokemonsMVVMUITests.debug.xcconfig */;
			buildSettings = {
				ALWAYS_EMBED_SWIFT_STANDARD_LIBRARIES = YES;
				CODE_SIGN_STYLE = Automatic;
				CURRENT_PROJECT_VERSION = 1;
				GENERATE_INFOPLIST_FILE = YES;
				MARKETING_VERSION = 1.0;
				PRODUCT_BUNDLE_IDENTIFIER = com.example.pokemonsMVVMUITests;
				PRODUCT_NAME = "$(TARGET_NAME)";
				SWIFT_EMIT_LOC_STRINGS = NO;
				SWIFT_VERSION = 5.0;
				TARGETED_DEVICE_FAMILY = "1,2";
				TEST_TARGET_NAME = pokemonsMVVM;
			};
			name = Debug;
		};
		DB24B33028631D4600351D0C /* Release */ = {
			isa = XCBuildConfiguration;
			baseConfigurationReference = 553B9501660C31ED75FFF3BC /* Pods-pokemonsMVVM-pokemonsMVVMUITests.release.xcconfig */;
			buildSettings = {
				ALWAYS_EMBED_SWIFT_STANDARD_LIBRARIES = YES;
				CODE_SIGN_STYLE = Automatic;
				CURRENT_PROJECT_VERSION = 1;
				GENERATE_INFOPLIST_FILE = YES;
				MARKETING_VERSION = 1.0;
				PRODUCT_BUNDLE_IDENTIFIER = com.example.pokemonsMVVMUITests;
				PRODUCT_NAME = "$(TARGET_NAME)";
				SWIFT_EMIT_LOC_STRINGS = NO;
				SWIFT_VERSION = 5.0;
				TARGETED_DEVICE_FAMILY = "1,2";
				TEST_TARGET_NAME = pokemonsMVVM;
			};
			name = Release;
		};
/* End XCBuildConfiguration section */

/* Begin XCConfigurationList section */
		DB24B2F928631D4300351D0C /* Build configuration list for PBXProject "pokemonsMVVM" */ = {
			isa = XCConfigurationList;
			buildConfigurations = (
				DB24B32628631D4600351D0C /* Debug */,
				DB24B32728631D4600351D0C /* Release */,
			);
			defaultConfigurationIsVisible = 0;
			defaultConfigurationName = Release;
		};
		DB24B32828631D4600351D0C /* Build configuration list for PBXNativeTarget "pokemonsMVVM" */ = {
			isa = XCConfigurationList;
			buildConfigurations = (
				DB24B32928631D4600351D0C /* Debug */,
				DB24B32A28631D4600351D0C /* Release */,
			);
			defaultConfigurationIsVisible = 0;
			defaultConfigurationName = Release;
		};
		DB24B32B28631D4600351D0C /* Build configuration list for PBXNativeTarget "pokemonsMVVMTests" */ = {
			isa = XCConfigurationList;
			buildConfigurations = (
				DB24B32C28631D4600351D0C /* Debug */,
				DB24B32D28631D4600351D0C /* Release */,
			);
			defaultConfigurationIsVisible = 0;
			defaultConfigurationName = Release;
		};
		DB24B32E28631D4600351D0C /* Build configuration list for PBXNativeTarget "pokemonsMVVMUITests" */ = {
			isa = XCConfigurationList;
			buildConfigurations = (
				DB24B32F28631D4600351D0C /* Debug */,
				DB24B33028631D4600351D0C /* Release */,
			);
			defaultConfigurationIsVisible = 0;
			defaultConfigurationName = Release;
		};
/* End XCConfigurationList section */
	};
	rootObject = DB24B2F628631D4300351D0C /* Project object */;
}
